
Microsoft Visual Studio Solution File, Format Version 11.00
# Visual Studio 2010
Project("{888888A0-9F3D-457C-B088-3A5042F75D52}") = "drawing_window", "drawing_window\drawing_window.pyproj", "{281032D7-1A4A-456B-92F7-983D3F80D8DA}"
EndProject
Global
	GlobalSection(SolutionConfigurationPlatforms) = preSolution
		Debug|Any CPU = Debug|Any CPU
		Release|Any CPU = Release|Any CPU
	EndGlobalSection
	GlobalSection(ProjectConfigurationPlatforms) = postSolution
		{281032D7-1A4A-456B-92F7-983D3F80D8DA}.Debug|Any CPU.ActiveCfg = Debug|Any CPU
		{281032D7-1A4A-456B-92F7-983D3F80D8DA}.Debug|Any CPU.Build.0 = Debug|Any CPU
		{281032D7-1A4A-456B-92F7-983D3F80D8DA}.Release|Any CPU.ActiveCfg = Release|Any CPU
		{281032D7-1A4A-456B-92F7-983D3F80D8DA}.Release|Any CPU.Build.0 = Release|Any CPU
	EndGlobalSection
	GlobalSection(SolutionProperties) = preSolution
		HideSolutionNode = FALSE
	EndGlobalSection
EndGlobal
